// !$*UTF8*$!
{
	archiveVersion = 1;
	classes = {
	};
	objectVersion = 56;
	objects = {

/* Begin PBXBuildFile section */
		62E409950B02FE76B8027FF3 /* Pods_NimbleEdgeAI_Assistant.framework in Frameworks */ = {isa = PBXBuildFile; fileRef = 0D99F1B32B3BCBF980783437 /* Pods_NimbleEdgeAI_Assistant.framework */; };
		E418195A2DE4F365004499BB /* DownloadItem.swift in Sources */ = {isa = PBXBuildFile; fileRef = E41819592DE4F35E004499BB /* DownloadItem.swift */; };
		E418195C2DE78CDF004499BB /* ChatTableView.swift in Sources */ = {isa = PBXBuildFile; fileRef = E418195B2DE78C98004499BB /* ChatTableView.swift */; };
		E418195F2DE8655B004499BB /* MessageCell.swift in Sources */ = {isa = PBXBuildFile; fileRef = E418195E2DE86555004499BB /* MessageCell.swift */; };
		E419C5322DCBDDC1007C54C4 /* NESearchBar.swift in Sources */ = {isa = PBXBuildFile; fileRef = E419C5312DCBDDC1007C54C4 /* NESearchBar.swift */; };
		E419C5342DCC8A0B007C54C4 /* ArrangedHistoryItem.swift in Sources */ = {isa = PBXBuildFile; fileRef = E419C5332DCC8A09007C54C4 /* ArrangedHistoryItem.swift */; };
		E457A8B72E00129E006240CC /* GoogleService-Info.plist in Resources */ = {isa = PBXBuildFile; fileRef = E457A8B62E00129E006240CC /* GoogleService-Info.plist */; };
		E457A8BD2E009B26006240CC /* Launch Screen.storyboard in Resources */ = {isa = PBXBuildFile; fileRef = E457A8BC2E009B26006240CC /* Launch Screen.storyboard */; };
		E4F44BF82DEB01E6002272F2 /* LoaderCell.swift in Sources */ = {isa = PBXBuildFile; fileRef = E4F44BF72DEB01E2002272F2 /* LoaderCell.swift */; };
		E4F44C052DEF949B002272F2 /* Constants.swift in Sources */ = {isa = PBXBuildFile; fileRef = E4F44C042DEF9496002272F2 /* Constants.swift */; };
		E4F44C072DF20C1E002272F2 /* DeviceIdentification.swift in Sources */ = {isa = PBXBuildFile; fileRef = E4F44C062DF20C16002272F2 /* DeviceIdentification.swift */; };
		E4F44C092DF20E6D002272F2 /* NimbleNetSettings.swift in Sources */ = {isa = PBXBuildFile; fileRef = E4F44C082DF20E60002272F2 /* NimbleNetSettings.swift */; };
		E4F44C0C2DF74A54002272F2 /* filler_voice_pcms.json in Resources */ = {isa = PBXBuildFile; fileRef = E4F44C0B2DF74A54002272F2 /* filler_voice_pcms.json */; };
		F105E73C2DCC4B15005926C9 /* DownloadingView.swift in Sources */ = {isa = PBXBuildFile; fileRef = F105E73B2DCC4B15005926C9 /* DownloadingView.swift */; };
		F11A04C22DA682DF00E74964 /* TTSManager.swift in Sources */ = {isa = PBXBuildFile; fileRef = F11A04C12DA682DF00E74964 /* TTSManager.swift */; };
		F13D98082D3F2976002E82B0 /* vocab.json in Resources */ = {isa = PBXBuildFile; fileRef = F13D98072D3F2976002E82B0 /* vocab.json */; };
		F13F5E972DBB662F005B44F0 /* HistoryViewModel.swift in Sources */ = {isa = PBXBuildFile; fileRef = F13F5E962DBB662F005B44F0 /* HistoryViewModel.swift */; };
		F13F5E9A2DBB66C3005B44F0 /* ChatRepository.swift in Sources */ = {isa = PBXBuildFile; fileRef = F13F5E992DBB66C3005B44F0 /* ChatRepository.swift */; };
		F13F5E9D2DBB680C005B44F0 /* ContinousAudioPlayer.swift in Sources */ = {isa = PBXBuildFile; fileRef = F13F5E9C2DBB680C005B44F0 /* ContinousAudioPlayer.swift */; };
		F13F5EA02DBB68CE005B44F0 /* ChatMessage.swift in Sources */ = {isa = PBXBuildFile; fileRef = F13F5E9F2DBB68CE005B44F0 /* ChatMessage.swift */; };
		F13F5EA92DBB6979005B44F0 /* LLMService.swift in Sources */ = {isa = PBXBuildFile; fileRef = F13F5EA82DBB6979005B44F0 /* LLMService.swift */; };
		F13F5EAB2DBB6983005B44F0 /* LLMManager.swift in Sources */ = {isa = PBXBuildFile; fileRef = F13F5EAA2DBB6983005B44F0 /* LLMManager.swift */; };
		F13F5EAD2DBB6E1D005B44F0 /* HistoryItem.swift in Sources */ = {isa = PBXBuildFile; fileRef = F13F5EAC2DBB6E1D005B44F0 /* HistoryItem.swift */; };
		F13F5EAF2DBB7311005B44F0 /* Chat.swift in Sources */ = {isa = PBXBuildFile; fileRef = F13F5EAE2DBB7310005B44F0 /* Chat.swift */; };
		F13F5EB12DBB97EC005B44F0 /* ChatViewModel.swift in Sources */ = {isa = PBXBuildFile; fileRef = F13F5EB02DBB97EC005B44F0 /* ChatViewModel.swift */; };
		F1414DF12E0AAE2A00C0DE21 /* onnxruntime-genai.xcframework in Frameworks */ = {isa = PBXBuildFile; fileRef = F1414DF02E0AAE2A00C0DE21 /* onnxruntime-genai.xcframework */; };
		F14A34CF2DD130CF00B40068 /* LoaderTextProvider.swift in Sources */ = {isa = PBXBuildFile; fileRef = F14A34CE2DD130CF00B40068 /* LoaderTextProvider.swift */; };
		F1713F342D1024220037358A /* NimbleEdgeAIApp.swift in Sources */ = {isa = PBXBuildFile; fileRef = F1713F332D1024220037358A /* NimbleEdgeAIApp.swift */; };
		F1713F362D1024220037358A /* ContentView.swift in Sources */ = {isa = PBXBuildFile; fileRef = F1713F352D1024220037358A /* ContentView.swift */; };
		F1713F382D1024240037358A /* Assets.xcassets in Resources */ = {isa = PBXBuildFile; fileRef = F1713F372D1024240037358A /* Assets.xcassets */; };
		F1713F3B2D1024240037358A /* Preview Assets.xcassets in Resources */ = {isa = PBXBuildFile; fileRef = F1713F3A2D1024240037358A /* Preview Assets.xcassets */; };
		F1713F422D1024830037358A /*  IntroductionPageView.swift in Sources */ = {isa = PBXBuildFile; fileRef = F1713F412D1024830037358A /*  IntroductionPageView.swift */; };
		F1713F482D1026C60037358A /*  MainViewModel.swift in Sources */ = {isa = PBXBuildFile; fileRef = F1713F472D1026C60037358A /*  MainViewModel.swift */; };
		F1713FCE2D117BFD0037358A /* ChatView.swift in Sources */ = {isa = PBXBuildFile; fileRef = F1713FCD2D117BFD0037358A /* ChatView.swift */; };
		F17A1AFC2DA76EE4000BD022 /* TTSService.swift in Sources */ = {isa = PBXBuildFile; fileRef = F17A1AFB2DA76EE4000BD022 /* TTSService.swift */; };
		F180C8632D2D095C00A1099E /* genai_config.json in Resources */ = {isa = PBXBuildFile; fileRef = F180C8622D2D095C00A1099E /* genai_config.json */; };
		F180C8672D2D097300A1099E /* special_tokens_map.json in Resources */ = {isa = PBXBuildFile; fileRef = F180C8662D2D097300A1099E /* special_tokens_map.json */; };
		F180C8692D2D098300A1099E /* tokenizer.json in Resources */ = {isa = PBXBuildFile; fileRef = F180C8682D2D098300A1099E /* tokenizer.json */; };
		F180C86B2D2D098900A1099E /* tokenizer_config.json in Resources */ = {isa = PBXBuildFile; fileRef = F180C86A2D2D098900A1099E /* tokenizer_config.json */; };
		F182E22F2E1E6F9700C03930 /* Extensions.swift in Sources */ = {isa = PBXBuildFile; fileRef = F182E22E2E1E6F9200C03930 /* Extensions.swift */; };
		F182E2312E1E70FC00C03930 /* AtomicInteger.swift in Sources */ = {isa = PBXBuildFile; fileRef = F182E2302E1E70FC00C03930 /* AtomicInteger.swift */; };
		F18EAF7F2DD3CDD50057DCAF /* DownloadProgressManager.swift in Sources */ = {isa = PBXBuildFile; fileRef = F18EAF7E2DD3CDD30057DCAF /* DownloadProgressManager.swift */; };
		F1C671AC2DE9073000AC2CA6 /* VoiceOverlay.swift in Sources */ = {isa = PBXBuildFile; fileRef = F1C671AB2DE9072D00AC2CA6 /* VoiceOverlay.swift */; };
		F1C671AE2DE9134900AC2CA6 /* SpeechRecognition.swift in Sources */ = {isa = PBXBuildFile; fileRef = F1C671AD2DE9134000AC2CA6 /* SpeechRecognition.swift */; };
		F1EFB7C02DBF90A40031A0E1 /* lexicon.json in Resources */ = {isa = PBXBuildFile; fileRef = F1EFB7BA2DBBB8D00031A0E1 /* lexicon.json */; };
		F1EFB7F82DC2261C0031A0E1 /* HistoryView.swift in Sources */ = {isa = PBXBuildFile; fileRef = F1EFB7F72DC2261C0031A0E1 /* HistoryView.swift */; };
		F1EFB7FA2DC2297D0031A0E1 /* CacheRepository.swift in Sources */ = {isa = PBXBuildFile; fileRef = F1EFB7F92DC2297D0031A0E1 /* CacheRepository.swift */; };
		F1EFB7FC2DC22EFB0031A0E1 /* TopBarView.swift in Sources */ = {isa = PBXBuildFile; fileRef = F1EFB7FB2DC22EFB0031A0E1 /* TopBarView.swift */; };
		F1EFB8002DC4B2420031A0E1 /* HomeView.swift in Sources */ = {isa = PBXBuildFile; fileRef = F1EFB7FF2DC4B2420031A0E1 /* HomeView.swift */; };
		F1EFB8022DC4B3FE0031A0E1 /* wave_blue.json in Resources */ = {isa = PBXBuildFile; fileRef = F1EFB8012DC4B3FE0031A0E1 /* wave_blue.json */; };
		F1EFB8042DC4C98B0031A0E1 /* wave_teal.json in Resources */ = {isa = PBXBuildFile; fileRef = F1EFB8032DC4C98B0031A0E1 /* wave_teal.json */; };
/* End PBXBuildFile section */

/* Begin PBXFileReference section */
		00E03104F649B62CFF2E4F89 /* Pods-ChatAppNE.debug.xcconfig */ = {isa = PBXFileReference; includeInIndex = 1; lastKnownFileType = text.xcconfig; name = "Pods-ChatAppNE.debug.xcconfig"; path = "Target Support Files/Pods-ChatAppNE/Pods-ChatAppNE.debug.xcconfig"; sourceTree = "<group>"; };
		0D99F1B32B3BCBF980783437 /* Pods_NimbleEdgeAI_Assistant.framework */ = {isa = PBXFileReference; explicitFileType = wrapper.framework; includeInIndex = 0; path = Pods_NimbleEdgeAI_Assistant.framework; sourceTree = BUILT_PRODUCTS_DIR; };
		480BB27662A54F5E8EC25D0E /* Pods-NimbleEdgeAI Assistant.release.xcconfig */ = {isa = PBXFileReference; includeInIndex = 1; lastKnownFileType = text.xcconfig; name = "Pods-NimbleEdgeAI Assistant.release.xcconfig"; path = "Target Support Files/Pods-NimbleEdgeAI Assistant/Pods-NimbleEdgeAI Assistant.release.xcconfig"; sourceTree = "<group>"; };
		492D3333723BDDB946D57C15 /* Pods-NimbleEdgeAI Assistant.debug.xcconfig */ = {isa = PBXFileReference; includeInIndex = 1; lastKnownFileType = text.xcconfig; name = "Pods-NimbleEdgeAI Assistant.debug.xcconfig"; path = "Target Support Files/Pods-NimbleEdgeAI Assistant/Pods-NimbleEdgeAI Assistant.debug.xcconfig"; sourceTree = "<group>"; };
		A7649074B4D8AD202FAFAF51 /* Pods-ChatAppNE.release.xcconfig */ = {isa = PBXFileReference; includeInIndex = 1; lastKnownFileType = text.xcconfig; name = "Pods-ChatAppNE.release.xcconfig"; path = "Target Support Files/Pods-ChatAppNE/Pods-ChatAppNE.release.xcconfig"; sourceTree = "<group>"; };
		E41819592DE4F35E004499BB /* DownloadItem.swift */ = {isa = PBXFileReference; lastKnownFileType = sourcecode.swift; path = DownloadItem.swift; sourceTree = "<group>"; };
		E418195B2DE78C98004499BB /* ChatTableView.swift */ = {isa = PBXFileReference; lastKnownFileType = sourcecode.swift; path = ChatTableView.swift; sourceTree = "<group>"; };
		E418195E2DE86555004499BB /* MessageCell.swift */ = {isa = PBXFileReference; lastKnownFileType = sourcecode.swift; path = MessageCell.swift; sourceTree = "<group>"; };
		E419C5312DCBDDC1007C54C4 /* NESearchBar.swift */ = {isa = PBXFileReference; lastKnownFileType = sourcecode.swift; path = NESearchBar.swift; sourceTree = "<group>"; };
		E419C5332DCC8A09007C54C4 /* ArrangedHistoryItem.swift */ = {isa = PBXFileReference; lastKnownFileType = sourcecode.swift; path = ArrangedHistoryItem.swift; sourceTree = "<group>"; };
		E457A8B62E00129E006240CC /* GoogleService-Info.plist */ = {isa = PBXFileReference; lastKnownFileType = text.plist.xml; path = "GoogleService-Info.plist"; sourceTree = "<group>"; };
		E457A8BC2E009B26006240CC /* Launch Screen.storyboard */ = {isa = PBXFileReference; lastKnownFileType = file.storyboard; path = "Launch Screen.storyboard"; sourceTree = "<group>"; };
		E457A8BE2E00A136006240CC /* Info.plist */ = {isa = PBXFileReference; lastKnownFileType = text.plist; path = Info.plist; sourceTree = "<group>"; };
		E4F44BF72DEB01E2002272F2 /* LoaderCell.swift */ = {isa = PBXFileReference; lastKnownFileType = sourcecode.swift; path = LoaderCell.swift; sourceTree = "<group>"; };
		E4F44C042DEF9496002272F2 /* Constants.swift */ = {isa = PBXFileReference; lastKnownFileType = sourcecode.swift; path = Constants.swift; sourceTree = "<group>"; };
		E4F44C062DF20C16002272F2 /* DeviceIdentification.swift */ = {isa = PBXFileReference; lastKnownFileType = sourcecode.swift; path = DeviceIdentification.swift; sourceTree = "<group>"; };
		E4F44C082DF20E60002272F2 /* NimbleNetSettings.swift */ = {isa = PBXFileReference; lastKnownFileType = sourcecode.swift; path = NimbleNetSettings.swift; sourceTree = "<group>"; };
		E4F44C0B2DF74A54002272F2 /* filler_voice_pcms.json */ = {isa = PBXFileReference; lastKnownFileType = text.json; path = filler_voice_pcms.json; sourceTree = "<group>"; };
		F105E73B2DCC4B15005926C9 /* DownloadingView.swift */ = {isa = PBXFileReference; lastKnownFileType = sourcecode.swift; path = DownloadingView.swift; sourceTree = "<group>"; };
		F11A04C12DA682DF00E74964 /* TTSManager.swift */ = {isa = PBXFileReference; lastKnownFileType = sourcecode.swift; path = TTSManager.swift; sourceTree = "<group>"; };
		F13D98072D3F2976002E82B0 /* vocab.json */ = {isa = PBXFileReference; fileEncoding = 4; lastKnownFileType = text.json; path = vocab.json; sourceTree = "<group>"; };
		F13F5E962DBB662F005B44F0 /* HistoryViewModel.swift */ = {isa = PBXFileReference; lastKnownFileType = sourcecode.swift; path = HistoryViewModel.swift; sourceTree = "<group>"; };
		F13F5E992DBB66C3005B44F0 /* ChatRepository.swift */ = {isa = PBXFileReference; lastKnownFileType = sourcecode.swift; path = ChatRepository.swift; sourceTree = "<group>"; };
		F13F5E9C2DBB680C005B44F0 /* ContinousAudioPlayer.swift */ = {isa = PBXFileReference; lastKnownFileType = sourcecode.swift; path = ContinousAudioPlayer.swift; sourceTree = "<group>"; };
		F13F5E9F2DBB68CE005B44F0 /* ChatMessage.swift */ = {isa = PBXFileReference; lastKnownFileType = sourcecode.swift; path = ChatMessage.swift; sourceTree = "<group>"; };
		F13F5EA82DBB6979005B44F0 /* LLMService.swift */ = {isa = PBXFileReference; lastKnownFileType = sourcecode.swift; path = LLMService.swift; sourceTree = "<group>"; };
		F13F5EAA2DBB6983005B44F0 /* LLMManager.swift */ = {isa = PBXFileReference; lastKnownFileType = sourcecode.swift; path = LLMManager.swift; sourceTree = "<group>"; };
		F13F5EAC2DBB6E1D005B44F0 /* HistoryItem.swift */ = {isa = PBXFileReference; lastKnownFileType = sourcecode.swift; path = HistoryItem.swift; sourceTree = "<group>"; };
		F13F5EAE2DBB7310005B44F0 /* Chat.swift */ = {isa = PBXFileReference; lastKnownFileType = sourcecode.swift; path = Chat.swift; sourceTree = "<group>"; };
		F13F5EB02DBB97EC005B44F0 /* ChatViewModel.swift */ = {isa = PBXFileReference; lastKnownFileType = sourcecode.swift; path = ChatViewModel.swift; sourceTree = "<group>"; };
		F1414DF02E0AAE2A00C0DE21 /* onnxruntime-genai.xcframework */ = {isa = PBXFileReference; lastKnownFileType = wrapper.xcframework; name = "onnxruntime-genai.xcframework"; path = "Pods/NimbleNetiOS/nimblenet_ios/Assets/onnxruntime-genai.xcframework"; sourceTree = "<group>"; };
		F14A34CE2DD130CF00B40068 /* LoaderTextProvider.swift */ = {isa = PBXFileReference; lastKnownFileType = sourcecode.swift; path = LoaderTextProvider.swift; sourceTree = "<group>"; };
		F1713F302D1024220037358A /* NimbleEdge AI.app */ = {isa = PBXFileReference; explicitFileType = wrapper.application; includeInIndex = 0; path = "NimbleEdge AI.app"; sourceTree = BUILT_PRODUCTS_DIR; };
		F1713F332D1024220037358A /* NimbleEdgeAIApp.swift */ = {isa = PBXFileReference; lastKnownFileType = sourcecode.swift; path = NimbleEdgeAIApp.swift; sourceTree = "<group>"; };
		F1713F352D1024220037358A /* ContentView.swift */ = {isa = PBXFileReference; lastKnownFileType = sourcecode.swift; path = ContentView.swift; sourceTree = "<group>"; };
		F1713F372D1024240037358A /* Assets.xcassets */ = {isa = PBXFileReference; lastKnownFileType = folder.assetcatalog; path = Assets.xcassets; sourceTree = "<group>"; };
		F1713F3A2D1024240037358A /* Preview Assets.xcassets */ = {isa = PBXFileReference; lastKnownFileType = folder.assetcatalog; path = "Preview Assets.xcassets"; sourceTree = "<group>"; };
		F1713F412D1024830037358A /*  IntroductionPageView.swift */ = {isa = PBXFileReference; lastKnownFileType = sourcecode.swift; path = " IntroductionPageView.swift"; sourceTree = "<group>"; };
		F1713F472D1026C60037358A /*  MainViewModel.swift */ = {isa = PBXFileReference; lastKnownFileType = sourcecode.swift; path = " MainViewModel.swift"; sourceTree = "<group>"; };
		F1713FCD2D117BFD0037358A /* ChatView.swift */ = {isa = PBXFileReference; lastKnownFileType = sourcecode.swift; path = ChatView.swift; sourceTree = "<group>"; };
		F17A1AFB2DA76EE4000BD022 /* TTSService.swift */ = {isa = PBXFileReference; lastKnownFileType = sourcecode.swift; path = TTSService.swift; sourceTree = "<group>"; };
		F180C8622D2D095C00A1099E /* genai_config.json */ = {isa = PBXFileReference; fileEncoding = 4; lastKnownFileType = text.json; path = genai_config.json; sourceTree = "<group>"; };
		F180C8662D2D097300A1099E /* special_tokens_map.json */ = {isa = PBXFileReference; fileEncoding = 4; lastKnownFileType = text.json; path = special_tokens_map.json; sourceTree = "<group>"; };
		F180C8682D2D098300A1099E /* tokenizer.json */ = {isa = PBXFileReference; fileEncoding = 4; lastKnownFileType = text.json; path = tokenizer.json; sourceTree = "<group>"; };
		F180C86A2D2D098900A1099E /* tokenizer_config.json */ = {isa = PBXFileReference; fileEncoding = 4; lastKnownFileType = text.json; path = tokenizer_config.json; sourceTree = "<group>"; };
		F182E22E2E1E6F9200C03930 /* Extensions.swift */ = {isa = PBXFileReference; lastKnownFileType = sourcecode.swift; path = Extensions.swift; sourceTree = "<group>"; };
		F182E2302E1E70FC00C03930 /* AtomicInteger.swift */ = {isa = PBXFileReference; lastKnownFileType = sourcecode.swift; path = AtomicInteger.swift; sourceTree = "<group>"; };
		F18EAF7E2DD3CDD30057DCAF /* DownloadProgressManager.swift */ = {isa = PBXFileReference; lastKnownFileType = sourcecode.swift; path = DownloadProgressManager.swift; sourceTree = "<group>"; };
		F1C671AB2DE9072D00AC2CA6 /* VoiceOverlay.swift */ = {isa = PBXFileReference; lastKnownFileType = sourcecode.swift; path = VoiceOverlay.swift; sourceTree = "<group>"; };
		F1C671AD2DE9134000AC2CA6 /* SpeechRecognition.swift */ = {isa = PBXFileReference; lastKnownFileType = sourcecode.swift; path = SpeechRecognition.swift; sourceTree = "<group>"; };
		F1EFB7BA2DBBB8D00031A0E1 /* lexicon.json */ = {isa = PBXFileReference; fileEncoding = 4; lastKnownFileType = text.json; path = lexicon.json; sourceTree = "<group>"; };
		F1EFB7F72DC2261C0031A0E1 /* HistoryView.swift */ = {isa = PBXFileReference; lastKnownFileType = sourcecode.swift; path = HistoryView.swift; sourceTree = "<group>"; };
		F1EFB7F92DC2297D0031A0E1 /* CacheRepository.swift */ = {isa = PBXFileReference; lastKnownFileType = sourcecode.swift; path = CacheRepository.swift; sourceTree = "<group>"; };
		F1EFB7FB2DC22EFB0031A0E1 /* TopBarView.swift */ = {isa = PBXFileReference; lastKnownFileType = sourcecode.swift; path = TopBarView.swift; sourceTree = "<group>"; };
		F1EFB7FF2DC4B2420031A0E1 /* HomeView.swift */ = {isa = PBXFileReference; lastKnownFileType = sourcecode.swift; path = HomeView.swift; sourceTree = "<group>"; };
		F1EFB8012DC4B3FE0031A0E1 /* wave_blue.json */ = {isa = PBXFileReference; fileEncoding = 4; lastKnownFileType = text.json; path = wave_blue.json; sourceTree = "<group>"; };
		F1EFB8032DC4C98B0031A0E1 /* wave_teal.json */ = {isa = PBXFileReference; fileEncoding = 4; lastKnownFileType = text.json; path = wave_teal.json; sourceTree = "<group>"; };
/* End PBXFileReference section */

/* Begin PBXFrameworksBuildPhase section */
		F1713F2D2D1024220037358A /* Frameworks */ = {
			isa = PBXFrameworksBuildPhase;
			buildActionMask = 2147483647;
			files = (
				F1414DF12E0AAE2A00C0DE21 /* onnxruntime-genai.xcframework in Frameworks */,
				62E409950B02FE76B8027FF3 /* Pods_NimbleEdgeAI_Assistant.framework in Frameworks */,
			);
			runOnlyForDeploymentPostprocessing = 0;
		};
/* End PBXFrameworksBuildPhase section */

/* Begin PBXGroup section */
		C88B6058D5947DD282EBFAF9 /* Pods */ = {
			isa = PBXGroup;
			children = (
				00E03104F649B62CFF2E4F89 /* Pods-ChatAppNE.debug.xcconfig */,
				A7649074B4D8AD202FAFAF51 /* Pods-ChatAppNE.release.xcconfig */,
				492D3333723BDDB946D57C15 /* Pods-NimbleEdgeAI Assistant.debug.xcconfig */,
				480BB27662A54F5E8EC25D0E /* Pods-NimbleEdgeAI Assistant.release.xcconfig */,
			);
			path = Pods;
			sourceTree = "<group>";
		};
		CC4BA7F0AFB4C1674D95BC36 /* Frameworks */ = {
			isa = PBXGroup;
			children = (
				F1414DF02E0AAE2A00C0DE21 /* onnxruntime-genai.xcframework */,
				0D99F1B32B3BCBF980783437 /* Pods_NimbleEdgeAI_Assistant.framework */,
			);
			name = Frameworks;
			sourceTree = "<group>";
		};
		E418195D2DE86545004499BB /* ChatTableView */ = {
			isa = PBXGroup;
			children = (
				E4F44BF72DEB01E2002272F2 /* LoaderCell.swift */,
				E418195E2DE86555004499BB /* MessageCell.swift */,
				E418195B2DE78C98004499BB /* ChatTableView.swift */,
			);
			path = ChatTableView;
			sourceTree = "<group>";
		};
		E419C5302DCBDD9E007C54C4 /* Helper Views */ = {
			isa = PBXGroup;
			children = (
				E419C5312DCBDDC1007C54C4 /* NESearchBar.swift */,
				F1EFB7FB2DC22EFB0031A0E1 /* TopBarView.swift */,
			);
			path = "Helper Views";
			sourceTree = "<group>";
		};
		E4F44C0A2DF20F9E002272F2 /* Constants */ = {
			isa = PBXGroup;
			children = (
				E4F44C042DEF9496002272F2 /* Constants.swift */,
				E4F44C082DF20E60002272F2 /* NimbleNetSettings.swift */,
			);
			path = Constants;
			sourceTree = "<group>";
		};
		F13F5E952DBB65F3005B44F0 /* ViewModel */ = {
			isa = PBXGroup;
			children = (
				F1713F472D1026C60037358A /*  MainViewModel.swift */,
				F13F5EB02DBB97EC005B44F0 /* ChatViewModel.swift */,
				F13F5E962DBB662F005B44F0 /* HistoryViewModel.swift */,
			);
			path = ViewModel;
			sourceTree = "<group>";
		};
		F13F5E982DBB66B2005B44F0 /* Repository */ = {
			isa = PBXGroup;
			children = (
				F13F5E992DBB66C3005B44F0 /* ChatRepository.swift */,
				F1EFB7F92DC2297D0031A0E1 /* CacheRepository.swift */,
			);
			path = Repository;
			sourceTree = "<group>";
		};
		F13F5E9B2DBB67F8005B44F0 /* Utils */ = {
			isa = PBXGroup;
			children = (
				E4F44C062DF20C16002272F2 /* DeviceIdentification.swift */,
				F182E22E2E1E6F9200C03930 /* Extensions.swift */,
				F182E2302E1E70FC00C03930 /* AtomicInteger.swift */,
				F13F5E9C2DBB680C005B44F0 /* ContinousAudioPlayer.swift */,
			);
			path = Utils;
			sourceTree = "<group>";
		};
		F13F5E9E2DBB68A3005B44F0 /* models */ = {
			isa = PBXGroup;
			children = (
				E41819592DE4F35E004499BB /* DownloadItem.swift */,
				E419C5332DCC8A09007C54C4 /* ArrangedHistoryItem.swift */,
				F18EAF7E2DD3CDD30057DCAF /* DownloadProgressManager.swift */,
				F13F5E9F2DBB68CE005B44F0 /* ChatMessage.swift */,
				F13F5EAE2DBB7310005B44F0 /* Chat.swift */,
				F13F5EAC2DBB6E1D005B44F0 /* HistoryItem.swift */,
			);
			path = models;
			sourceTree = "<group>";
		};
		F13F5EA12DBB6901005B44F0 /* assets */ = {
			isa = PBXGroup;
			children = (
				E4F44C0B2DF74A54002272F2 /* filler_voice_pcms.json */,
				F13D98072D3F2976002E82B0 /* vocab.json */,
				F180C8662D2D097300A1099E /* special_tokens_map.json */,
				F1EFB8012DC4B3FE0031A0E1 /* wave_blue.json */,
				F1EFB8032DC4C98B0031A0E1 /* wave_teal.json */,
				F180C8622D2D095C00A1099E /* genai_config.json */,
				F1EFB7BA2DBBB8D00031A0E1 /* lexicon.json */,
				F180C8682D2D098300A1099E /* tokenizer.json */,
				F180C86A2D2D098900A1099E /* tokenizer_config.json */,
			);
			path = assets;
			sourceTree = "<group>";
		};
		F13F5EA22DBB693F005B44F0 /* llm */ = {
			isa = PBXGroup;
			children = (
				F13F5EA82DBB6979005B44F0 /* LLMService.swift */,
				F13F5EAA2DBB6983005B44F0 /* LLMManager.swift */,
			);
			path = llm;
			sourceTree = "<group>";
		};
		F13F5EA32DBB6946005B44F0 /* asr */ = {
			isa = PBXGroup;
			children = (
				F1C671AD2DE9134000AC2CA6 /* SpeechRecognition.swift */,
			);
			path = asr;
			sourceTree = "<group>";
		};
		F13F5EB22DBB9FB0005B44F0 /* components */ = {
			isa = PBXGroup;
			children = (
				F14A34CE2DD130CF00B40068 /* LoaderTextProvider.swift */,
			);
			path = components;
			sourceTree = "<group>";
		};
		F1713F272D1024220037358A = {
			isa = PBXGroup;
			children = (
				E457A8B62E00129E006240CC /* GoogleService-Info.plist */,
				F1713F322D1024220037358A /* NimbleEdgeAI */,
				F1713F312D1024220037358A /* Products */,
				C88B6058D5947DD282EBFAF9 /* Pods */,
				CC4BA7F0AFB4C1674D95BC36 /* Frameworks */,
			);
			sourceTree = "<group>";
		};
		F1713F312D1024220037358A /* Products */ = {
			isa = PBXGroup;
			children = (
				F1713F302D1024220037358A /* NimbleEdge AI.app */,
			);
			name = Products;
			sourceTree = "<group>";
		};
		F1713F322D1024220037358A /* NimbleEdgeAI */ = {
			isa = PBXGroup;
			children = (
				E457A8BE2E00A136006240CC /* Info.plist */,
				F1713F332D1024220037358A /* NimbleEdgeAIApp.swift */,
				F13F5E9B2DBB67F8005B44F0 /* Utils */,
				F17A1B022DA78F23000BD022 /* views */,
				F13F5E9E2DBB68A3005B44F0 /* models */,
				F13F5EB22DBB9FB0005B44F0 /* components */,
				F13F5E982DBB66B2005B44F0 /* Repository */,
				F17A1B012DA78F1B000BD022 /* presentation */,
				F17A1AFD2DA76F11000BD022 /* feature */,
				F13F5EA12DBB6901005B44F0 /* assets */,
				E4F44C0A2DF20F9E002272F2 /* Constants */,
				F1713F372D1024240037358A /* Assets.xcassets */,
				F1713F392D1024240037358A /* Preview Content */,
				E457A8BC2E009B26006240CC /* Launch Screen.storyboard */,
			);
			path = NimbleEdgeAI;
			sourceTree = "<group>";
		};
		F1713F392D1024240037358A /* Preview Content */ = {
			isa = PBXGroup;
			children = (
				F1713F3A2D1024240037358A /* Preview Assets.xcassets */,
			);
			path = "Preview Content";
			sourceTree = "<group>";
		};
		F17A1AFD2DA76F11000BD022 /* feature */ = {
			isa = PBXGroup;
			children = (
				F13F5EA32DBB6946005B44F0 /* asr */,
				F13F5EA22DBB693F005B44F0 /* llm */,
				F17A1AFF2DA76FBD000BD022 /* tts */,
			);
			path = feature;
			sourceTree = "<group>";
		};
		F17A1AFF2DA76FBD000BD022 /* tts */ = {
			isa = PBXGroup;
			children = (
				F17A1AFB2DA76EE4000BD022 /* TTSService.swift */,
				F11A04C12DA682DF00E74964 /* TTSManager.swift */,
			);
			path = tts;
			sourceTree = "<group>";
		};
		F17A1B012DA78F1B000BD022 /* presentation */ = {
			isa = PBXGroup;
			children = (
				F13F5E952DBB65F3005B44F0 /* ViewModel */,
			);
			path = presentation;
			sourceTree = "<group>";
		};
		F17A1B022DA78F23000BD022 /* views */ = {
			isa = PBXGroup;
			children = (
				E418195D2DE86545004499BB /* ChatTableView */,
				E419C5302DCBDD9E007C54C4 /* Helper Views */,
				F1713FCD2D117BFD0037358A /* ChatView.swift */,
				F1C671AB2DE9072D00AC2CA6 /* VoiceOverlay.swift */,
				F105E73B2DCC4B15005926C9 /* DownloadingView.swift */,
				F1EFB7FF2DC4B2420031A0E1 /* HomeView.swift */,
				F1713F352D1024220037358A /* ContentView.swift */,
				F1EFB7F72DC2261C0031A0E1 /* HistoryView.swift */,
				F1713F412D1024830037358A /*  IntroductionPageView.swift */,
			);
			path = views;
			sourceTree = "<group>";
		};
/* End PBXGroup section */

/* Begin PBXNativeTarget section */
		F1713F2F2D1024220037358A /* NimbleEdgeAI Assistant */ = {
			isa = PBXNativeTarget;
			buildConfigurationList = F1713F3E2D1024240037358A /* Build configuration list for PBXNativeTarget "NimbleEdgeAI Assistant" */;
			buildPhases = (
				CEB423C1B16D2C28660B037B /* [CP] Check Pods Manifest.lock */,
				F1713F2C2D1024220037358A /* Sources */,
				F1713F2D2D1024220037358A /* Frameworks */,
				F1713F2E2D1024220037358A /* Resources */,
				7042F3593CB9D13477FBCA91 /* [CP] Embed Pods Frameworks */,
			);
			buildRules = (
			);
			dependencies = (
			);
			name = "NimbleEdgeAI Assistant";
			productName = ChatAppNE;
			productReference = F1713F302D1024220037358A /* NimbleEdge AI.app */;
			productType = "com.apple.product-type.application";
		};
/* End PBXNativeTarget section */

/* Begin PBXProject section */
		F1713F282D1024220037358A /* Project object */ = {
			isa = PBXProject;
			attributes = {
				BuildIndependentTargetsInParallel = 1;
				LastSwiftUpdateCheck = 1540;
				LastUpgradeCheck = 1540;
				TargetAttributes = {
					F1713F2F2D1024220037358A = {
						CreatedOnToolsVersion = 15.4;
					};
				};
			};
			buildConfigurationList = F1713F2B2D1024220037358A /* Build configuration list for PBXProject "NimbleEdgeAI Assistant" */;
			compatibilityVersion = "Xcode 14.0";
			developmentRegion = en;
			hasScannedForEncodings = 0;
			knownRegions = (
				en,
				Base,
			);
			mainGroup = F1713F272D1024220037358A;
			packageReferences = (
			);
			productRefGroup = F1713F312D1024220037358A /* Products */;
			projectDirPath = "";
			projectRoot = "";
			targets = (
				F1713F2F2D1024220037358A /* NimbleEdgeAI Assistant */,
			);
		};
/* End PBXProject section */

/* Begin PBXResourcesBuildPhase section */
		F1713F2E2D1024220037358A /* Resources */ = {
			isa = PBXResourcesBuildPhase;
			buildActionMask = 2147483647;
			files = (
				E4F44C0C2DF74A54002272F2 /* filler_voice_pcms.json in Resources */,
				F1EFB7C02DBF90A40031A0E1 /* lexicon.json in Resources */,
				F1EFB8042DC4C98B0031A0E1 /* wave_teal.json in Resources */,
				F1713F3B2D1024240037358A /* Preview Assets.xcassets in Resources */,
				F180C8692D2D098300A1099E /* tokenizer.json in Resources */,
				E457A8B72E00129E006240CC /* GoogleService-Info.plist in Resources */,
				F1713F382D1024240037358A /* Assets.xcassets in Resources */,
				E457A8BD2E009B26006240CC /* Launch Screen.storyboard in Resources */,
				F1EFB8022DC4B3FE0031A0E1 /* wave_blue.json in Resources */,
				F180C86B2D2D098900A1099E /* tokenizer_config.json in Resources */,
				F13D98082D3F2976002E82B0 /* vocab.json in Resources */,
				F180C8672D2D097300A1099E /* special_tokens_map.json in Resources */,
				F180C8632D2D095C00A1099E /* genai_config.json in Resources */,
			);
			runOnlyForDeploymentPostprocessing = 0;
		};
/* End PBXResourcesBuildPhase section */

/* Begin PBXShellScriptBuildPhase section */
		7042F3593CB9D13477FBCA91 /* [CP] Embed Pods Frameworks */ = {
			isa = PBXShellScriptBuildPhase;
			buildActionMask = 2147483647;
			files = (
			);
			inputFileListPaths = (
				"${PODS_ROOT}/Target Support Files/Pods-NimbleEdgeAI Assistant/Pods-NimbleEdgeAI Assistant-frameworks-${CONFIGURATION}-input-files.xcfilelist",
			);
			inputPaths = (
			);
			name = "[CP] Embed Pods Frameworks";
			outputFileListPaths = (
				"${PODS_ROOT}/Target Support Files/Pods-NimbleEdgeAI Assistant/Pods-NimbleEdgeAI Assistant-frameworks-${CONFIGURATION}-output-files.xcfilelist",
			);
			outputPaths = (
			);
			runOnlyForDeploymentPostprocessing = 0;
			shellPath = /bin/sh;
			shellScript = "\"${PODS_ROOT}/Target Support Files/Pods-NimbleEdgeAI Assistant/Pods-NimbleEdgeAI Assistant-frameworks.sh\"\n";
			showEnvVarsInLog = 0;
		};
		CEB423C1B16D2C28660B037B /* [CP] Check Pods Manifest.lock */ = {
			isa = PBXShellScriptBuildPhase;
			buildActionMask = 2147483647;
			files = (
			);
			inputFileListPaths = (
			);
			inputPaths = (
				"${PODS_PODFILE_DIR_PATH}/Podfile.lock",
				"${PODS_ROOT}/Manifest.lock",
			);
			name = "[CP] Check Pods Manifest.lock";
			outputFileListPaths = (
			);
			outputPaths = (
				"$(DERIVED_FILE_DIR)/Pods-NimbleEdgeAI Assistant-checkManifestLockResult.txt",
			);
			runOnlyForDeploymentPostprocessing = 0;
			shellPath = /bin/sh;
			shellScript = "diff \"${PODS_PODFILE_DIR_PATH}/Podfile.lock\" \"${PODS_ROOT}/Manifest.lock\" > /dev/null\nif [ $? != 0 ] ; then\n    # print error to STDERR\n    echo \"error: The sandbox is not in sync with the Podfile.lock. Run 'pod install' or update your CocoaPods installation.\" >&2\n    exit 1\nfi\n# This output is used by Xcode 'outputs' to avoid re-running this script phase.\necho \"SUCCESS\" > \"${SCRIPT_OUTPUT_FILE_0}\"\n";
			showEnvVarsInLog = 0;
		};
/* End PBXShellScriptBuildPhase section */

/* Begin PBXSourcesBuildPhase section */
		F1713F2C2D1024220037358A /* Sources */ = {
			isa = PBXSourcesBuildPhase;
			buildActionMask = 2147483647;
			files = (
				F1EFB7FC2DC22EFB0031A0E1 /* TopBarView.swift in Sources */,
				E4F44C052DEF949B002272F2 /* Constants.swift in Sources */,
				F1713F482D1026C60037358A /*  MainViewModel.swift in Sources */,
				F13F5EB12DBB97EC005B44F0 /* ChatViewModel.swift in Sources */,
				F11A04C22DA682DF00E74964 /* TTSManager.swift in Sources */,
				E4F44C092DF20E6D002272F2 /* NimbleNetSettings.swift in Sources */,
				F13F5E9A2DBB66C3005B44F0 /* ChatRepository.swift in Sources */,
				F182E22F2E1E6F9700C03930 /* Extensions.swift in Sources */,
				F13F5EAB2DBB6983005B44F0 /* LLMManager.swift in Sources */,
				E4F44BF82DEB01E6002272F2 /* LoaderCell.swift in Sources */,
				F18EAF7F2DD3CDD50057DCAF /* DownloadProgressManager.swift in Sources */,
				F13F5EA02DBB68CE005B44F0 /* ChatMessage.swift in Sources */,
				F1EFB7F82DC2261C0031A0E1 /* HistoryView.swift in Sources */,
				F1EFB8002DC4B2420031A0E1 /* HomeView.swift in Sources */,
				F1C671AC2DE9073000AC2CA6 /* VoiceOverlay.swift in Sources */,
				F182E2312E1E70FC00C03930 /* AtomicInteger.swift in Sources */,
				F14A34CF2DD130CF00B40068 /* LoaderTextProvider.swift in Sources */,
				E418195F2DE8655B004499BB /* MessageCell.swift in Sources */,
				E419C5322DCBDDC1007C54C4 /* NESearchBar.swift in Sources */,
				F1713FCE2D117BFD0037358A /* ChatView.swift in Sources */,
				E419C5342DCC8A0B007C54C4 /* ArrangedHistoryItem.swift in Sources */,
				F1713F362D1024220037358A /* ContentView.swift in Sources */,
				F1713F342D1024220037358A /* NimbleEdgeAIApp.swift in Sources */,
				F1EFB7FA2DC2297D0031A0E1 /* CacheRepository.swift in Sources */,
				E4F44C072DF20C1E002272F2 /* DeviceIdentification.swift in Sources */,
				F13F5E9D2DBB680C005B44F0 /* ContinousAudioPlayer.swift in Sources */,
				E418195A2DE4F365004499BB /* DownloadItem.swift in Sources */,
				F105E73C2DCC4B15005926C9 /* DownloadingView.swift in Sources */,
				F1713F422D1024830037358A /*  IntroductionPageView.swift in Sources */,
				F1C671AE2DE9134900AC2CA6 /* SpeechRecognition.swift in Sources */,
				F13F5EA92DBB6979005B44F0 /* LLMService.swift in Sources */,
				F13F5EAF2DBB7311005B44F0 /* Chat.swift in Sources */,
				F13F5E972DBB662F005B44F0 /* HistoryViewModel.swift in Sources */,
				E418195C2DE78CDF004499BB /* ChatTableView.swift in Sources */,
				F13F5EAD2DBB6E1D005B44F0 /* HistoryItem.swift in Sources */,
				F17A1AFC2DA76EE4000BD022 /* TTSService.swift in Sources */,
			);
			runOnlyForDeploymentPostprocessing = 0;
		};
/* End PBXSourcesBuildPhase section */

/* Begin XCBuildConfiguration section */
		F1713F3C2D1024240037358A /* Debug */ = {
			isa = XCBuildConfiguration;
			buildSettings = {
				ALWAYS_SEARCH_USER_PATHS = NO;
				ASSETCATALOG_COMPILER_GENERATE_SWIFT_ASSET_SYMBOL_EXTENSIONS = YES;
				CLANG_ANALYZER_NONNULL = YES;
				CLANG_ANALYZER_NUMBER_OBJECT_CONVERSION = YES_AGGRESSIVE;
				CLANG_CXX_LANGUAGE_STANDARD = "gnu++20";
				CLANG_ENABLE_MODULES = YES;
				CLANG_ENABLE_OBJC_ARC = YES;
				CLANG_ENABLE_OBJC_WEAK = YES;
				CLANG_WARN_BLOCK_CAPTURE_AUTORELEASING = YES;
				CLANG_WARN_BOOL_CONVERSION = YES;
				CLANG_WARN_COMMA = YES;
				CLANG_WARN_CONSTANT_CONVERSION = YES;
				CLANG_WARN_DEPRECATED_OBJC_IMPLEMENTATIONS = YES;
				CLANG_WARN_DIRECT_OBJC_ISA_USAGE = YES_ERROR;
				CLANG_WARN_DOCUMENTATION_COMMENTS = YES;
				CLANG_WARN_EMPTY_BODY = YES;
				CLANG_WARN_ENUM_CONVERSION = YES;
				CLANG_WARN_INFINITE_RECURSION = YES;
				CLANG_WARN_INT_CONVERSION = YES;
				CLANG_WARN_NON_LITERAL_NULL_CONVERSION = YES;
				CLANG_WARN_OBJC_IMPLICIT_RETAIN_SELF = YES;
				CLANG_WARN_OBJC_LITERAL_CONVERSION = YES;
				CLANG_WARN_OBJC_ROOT_CLASS = YES_ERROR;
				CLANG_WARN_QUOTED_INCLUDE_IN_FRAMEWORK_HEADER = YES;
				CLANG_WARN_RANGE_LOOP_ANALYSIS = YES;
				CLANG_WARN_STRICT_PROTOTYPES = YES;
				CLANG_WARN_SUSPICIOUS_MOVE = YES;
				CLANG_WARN_UNGUARDED_AVAILABILITY = YES_AGGRESSIVE;
				CLANG_WARN_UNREACHABLE_CODE = YES;
				CLANG_WARN__DUPLICATE_METHOD_MATCH = YES;
				COPY_PHASE_STRIP = NO;
				DEBUG_INFORMATION_FORMAT = dwarf;
				ENABLE_STRICT_OBJC_MSGSEND = YES;
				ENABLE_TESTABILITY = YES;
				ENABLE_USER_SCRIPT_SANDBOXING = YES;
				GCC_C_LANGUAGE_STANDARD = gnu17;
				GCC_DYNAMIC_NO_PIC = NO;
				GCC_NO_COMMON_BLOCKS = YES;
				GCC_OPTIMIZATION_LEVEL = 0;
				GCC_PREPROCESSOR_DEFINITIONS = (
					"DEBUG=1",
					"$(inherited)",
				);
				GCC_WARN_64_TO_32_BIT_CONVERSION = YES;
				GCC_WARN_ABOUT_RETURN_TYPE = YES_ERROR;
				GCC_WARN_UNDECLARED_SELECTOR = YES;
				GCC_WARN_UNINITIALIZED_AUTOS = YES_AGGRESSIVE;
				GCC_WARN_UNUSED_FUNCTION = YES;
				GCC_WARN_UNUSED_VARIABLE = YES;
				INFOPLIST_KEY_NSSpeechRecognitionUsageDescription = fvfv;
				IPHONEOS_DEPLOYMENT_TARGET = 17.5;
				LOCALIZATION_PREFERS_STRING_CATALOGS = YES;
				MTL_ENABLE_DEBUG_INFO = INCLUDE_SOURCE;
				MTL_FAST_MATH = YES;
				ONLY_ACTIVE_ARCH = YES;
				SDKROOT = iphoneos;
				SWIFT_ACTIVE_COMPILATION_CONDITIONS = "DEBUG $(inherited)";
				SWIFT_OPTIMIZATION_LEVEL = "-Onone";
			};
			name = Debug;
		};
		F1713F3D2D1024240037358A /* Release */ = {
			isa = XCBuildConfiguration;
			buildSettings = {
				ALWAYS_SEARCH_USER_PATHS = NO;
				ASSETCATALOG_COMPILER_GENERATE_SWIFT_ASSET_SYMBOL_EXTENSIONS = YES;
				CLANG_ANALYZER_NONNULL = YES;
				CLANG_ANALYZER_NUMBER_OBJECT_CONVERSION = YES_AGGRESSIVE;
				CLANG_CXX_LANGUAGE_STANDARD = "gnu++20";
				CLANG_ENABLE_MODULES = YES;
				CLANG_ENABLE_OBJC_ARC = YES;
				CLANG_ENABLE_OBJC_WEAK = YES;
				CLANG_WARN_BLOCK_CAPTURE_AUTORELEASING = YES;
				CLANG_WARN_BOOL_CONVERSION = YES;
				CLANG_WARN_COMMA = YES;
				CLANG_WARN_CONSTANT_CONVERSION = YES;
				CLANG_WARN_DEPRECATED_OBJC_IMPLEMENTATIONS = YES;
				CLANG_WARN_DIRECT_OBJC_ISA_USAGE = YES_ERROR;
				CLANG_WARN_DOCUMENTATION_COMMENTS = YES;
				CLANG_WARN_EMPTY_BODY = YES;
				CLANG_WARN_ENUM_CONVERSION = YES;
				CLANG_WARN_INFINITE_RECURSION = YES;
				CLANG_WARN_INT_CONVERSION = YES;
				CLANG_WARN_NON_LITERAL_NULL_CONVERSION = YES;
				CLANG_WARN_OBJC_IMPLICIT_RETAIN_SELF = YES;
				CLANG_WARN_OBJC_LITERAL_CONVERSION = YES;
				CLANG_WARN_OBJC_ROOT_CLASS = YES_ERROR;
				CLANG_WARN_QUOTED_INCLUDE_IN_FRAMEWORK_HEADER = YES;
				CLANG_WARN_RANGE_LOOP_ANALYSIS = YES;
				CLANG_WARN_STRICT_PROTOTYPES = YES;
				CLANG_WARN_SUSPICIOUS_MOVE = YES;
				CLANG_WARN_UNGUARDED_AVAILABILITY = YES_AGGRESSIVE;
				CLANG_WARN_UNREACHABLE_CODE = YES;
				CLANG_WARN__DUPLICATE_METHOD_MATCH = YES;
				COPY_PHASE_STRIP = NO;
				DEBUG_INFORMATION_FORMAT = "dwarf-with-dsym";
				ENABLE_NS_ASSERTIONS = NO;
				ENABLE_STRICT_OBJC_MSGSEND = YES;
				ENABLE_USER_SCRIPT_SANDBOXING = YES;
				GCC_C_LANGUAGE_STANDARD = gnu17;
				GCC_NO_COMMON_BLOCKS = YES;
				GCC_WARN_64_TO_32_BIT_CONVERSION = YES;
				GCC_WARN_ABOUT_RETURN_TYPE = YES_ERROR;
				GCC_WARN_UNDECLARED_SELECTOR = YES;
				GCC_WARN_UNINITIALIZED_AUTOS = YES_AGGRESSIVE;
				GCC_WARN_UNUSED_FUNCTION = YES;
				GCC_WARN_UNUSED_VARIABLE = YES;
				INFOPLIST_KEY_NSSpeechRecognitionUsageDescription = fvfv;
				IPHONEOS_DEPLOYMENT_TARGET = 17.5;
				LOCALIZATION_PREFERS_STRING_CATALOGS = YES;
				MTL_ENABLE_DEBUG_INFO = NO;
				MTL_FAST_MATH = YES;
				SDKROOT = iphoneos;
				SWIFT_COMPILATION_MODE = wholemodule;
				VALIDATE_PRODUCT = YES;
			};
			name = Release;
		};
		F1713F3F2D1024240037358A /* Debug */ = {
			isa = XCBuildConfiguration;
			baseConfigurationReference = 492D3333723BDDB946D57C15 /* Pods-NimbleEdgeAI Assistant.debug.xcconfig */;
			buildSettings = {
				ASSETCATALOG_COMPILER_APPICON_NAME = AppIcon;
				ASSETCATALOG_COMPILER_GLOBAL_ACCENT_COLOR_NAME = AccentColor;
				CODE_SIGN_STYLE = Automatic;
				CURRENT_PROJECT_VERSION = 6;
				DEVELOPMENT_ASSET_PATHS = "\"NimbleEdgeAI/Preview Content\"";
				DEVELOPMENT_TEAM = 74SCV562N5;
				ENABLE_PREVIEWS = YES;
				ENABLE_USER_SCRIPT_SANDBOXING = NO;
				EXCLUDED_ARCHS = "";
				GENERATE_INFOPLIST_FILE = YES;
				INFOPLIST_FILE = NimbleEdgeAI/Info.plist;
				INFOPLIST_KEY_CFBundleDisplayName = "NimbleEdge AI";
				INFOPLIST_KEY_LSApplicationCategoryType = "public.app-category.productivity";
				INFOPLIST_KEY_NSMicrophoneUsageDescription = "Converting audio to text";
				INFOPLIST_KEY_NSSpeechRecognitionUsageDescription = "on device speech recognition ";
				INFOPLIST_KEY_UIApplicationSceneManifest_Generation = YES;
				INFOPLIST_KEY_UIApplicationSupportsIndirectInputEvents = YES;
				INFOPLIST_KEY_UILaunchScreen_Generation = YES;
				INFOPLIST_KEY_UISupportedInterfaceOrientations_iPad = "UIInterfaceOrientationPortrait UIInterfaceOrientationPortraitUpsideDown UIInterfaceOrientationLandscapeLeft UIInterfaceOrientationLandscapeRight";
				INFOPLIST_KEY_UISupportedInterfaceOrientations_iPhone = "UIInterfaceOrientationPortrait UIInterfaceOrientationLandscapeLeft UIInterfaceOrientationLandscapeRight";
				IPHONEOS_DEPLOYMENT_TARGET = 16.0;
				LD_RUNPATH_SEARCH_PATHS = (
					"$(inherited)",
					"@executable_path/Frameworks",
				);
				MARKETING_VERSION = 1.0.0;
				PRODUCT_BUNDLE_IDENTIFIER = ai.nimbleedge.assistant;
				PRODUCT_NAME = "NimbleEdge AI";
				SWIFT_EMIT_LOC_STRINGS = YES;
				SWIFT_VERSION = 5.0;
				TARGETED_DEVICE_FAMILY = "1,2";
			};
			name = Debug;
		};
		F1713F402D1024240037358A /* Release */ = {
			isa = XCBuildConfiguration;
			baseConfigurationReference = 480BB27662A54F5E8EC25D0E /* Pods-NimbleEdgeAI Assistant.release.xcconfig */;
			buildSettings = {
				ASSETCATALOG_COMPILER_APPICON_NAME = AppIcon;
				ASSETCATALOG_COMPILER_GLOBAL_ACCENT_COLOR_NAME = AccentColor;
				CODE_SIGN_STYLE = Automatic;
				CURRENT_PROJECT_VERSION = 6;
				DEVELOPMENT_ASSET_PATHS = "\"NimbleEdgeAI/Preview Content\"";
				DEVELOPMENT_TEAM = 74SCV562N5;
				ENABLE_PREVIEWS = YES;
				ENABLE_USER_SCRIPT_SANDBOXING = NO;
				EXCLUDED_ARCHS = "";
				GENERATE_INFOPLIST_FILE = YES;
				INFOPLIST_FILE = NimbleEdgeAI/Info.plist;
				INFOPLIST_KEY_CFBundleDisplayName = "NimbleEdge AI";
				INFOPLIST_KEY_LSApplicationCategoryType = "public.app-category.productivity";
				INFOPLIST_KEY_NSMicrophoneUsageDescription = "Converting audio to text";
				INFOPLIST_KEY_NSSpeechRecognitionUsageDescription = "on device speech recognition ";
				INFOPLIST_KEY_UIApplicationSceneManifest_Generation = YES;
				INFOPLIST_KEY_UIApplicationSupportsIndirectInputEvents = YES;
				INFOPLIST_KEY_UILaunchScreen_Generation = YES;
				INFOPLIST_KEY_UISupportedInterfaceOrientations_iPad = "UIInterfaceOrientationPortrait UIInterfaceOrientationPortraitUpsideDown UIInterfaceOrientationLandscapeLeft UIInterfaceOrientationLandscapeRight";
				INFOPLIST_KEY_UISupportedInterfaceOrientations_iPhone = "UIInterfaceOrientationPortrait UIInterfaceOrientationLandscapeLeft UIInterfaceOrientationLandscapeRight";
				IPHONEOS_DEPLOYMENT_TARGET = 16.0;
				LD_RUNPATH_SEARCH_PATHS = (
					"$(inherited)",
					"@executable_path/Frameworks",
				);
				MARKETING_VERSION = 1.0.0;
				PRODUCT_BUNDLE_IDENTIFIER = ai.nimbleedge.assistant;
				PRODUCT_NAME = "NimbleEdge AI";
				SWIFT_EMIT_LOC_STRINGS = YES;
				SWIFT_VERSION = 5.0;
				TARGETED_DEVICE_FAMILY = "1,2";
			};
			name = Release;
		};
/* End XCBuildConfiguration section */

/* Begin XCConfigurationList section */
		F1713F2B2D1024220037358A /* Build configuration list for PBXProject "NimbleEdgeAI Assistant" */ = {
			isa = XCConfigurationList;
			buildConfigurations = (
				F1713F3C2D1024240037358A /* Debug */,
				F1713F3D2D1024240037358A /* Release */,
			);
			defaultConfigurationIsVisible = 0;
			defaultConfigurationName = Release;
		};
		F1713F3E2D1024240037358A /* Build configuration list for PBXNativeTarget "NimbleEdgeAI Assistant" */ = {
			isa = XCConfigurationList;
			buildConfigurations = (
				F1713F3F2D1024240037358A /* Debug */,
				F1713F402D1024240037358A /* Release */,
			);
			defaultConfigurationIsVisible = 0;
			defaultConfigurationName = Release;
		};
/* End XCConfigurationList section */
	};
	rootObject = F1713F282D1024220037358A /* Project object */;
}
